
Microsoft Visual Studio Solution File, Format Version 11.00
# Visual C# Express 2010
Project("{FAE04EC0-301F-11D3-BF4B-00C04F79EFBC}") = "IceChat9", "IceChat9.csproj", "{C6F37CE4-B0A1-4048-A896-9A28B2A0127D}"
	ProjectSection(ProjectDependencies) = postProject
		{AEB6359F-44F9-4E8A-9033-16398D522BF2} = {AEB6359F-44F9-4E8A-9033-16398D522BF2}
	EndProjectSection
EndProject
Project("{FAE04EC0-301F-11D3-BF4B-00C04F79EFBC}") = "IPluginIceChat", "IPlugin\IPluginIceChat.csproj", "{EC8820CA-B2C2-416B-8A59-2416AA349C4C}"
EndProject
Project("{FAE04EC0-301F-11D3-BF4B-00C04F79EFBC}") = "IRCConnection", "IRCConnection\IRCConnection.csproj", "{AF8D549B-3209-4A7F-8768-D7CEE318A4E3}"
EndProject
Project("{FAE04EC0-301F-11D3-BF4B-00C04F79EFBC}") = "IThemeIceChat", "IThemeIceChat\IThemeIceChat.csproj", "{AEB6359F-44F9-4E8A-9033-16398D522BF2}"
EndProject
Global
	GlobalSection(SolutionConfigurationPlatforms) = preSolution
		Debug|Any CPU = Debug|Any CPU
		Release|Any CPU = Release|Any CPU
	EndGlobalSection
	GlobalSection(ProjectConfigurationPlatforms) = postSolution
		{C6F37CE4-B0A1-4048-A896-9A28B2A0127D}.Debug|Any CPU.ActiveCfg = Debug|Any CPU
		{C6F37CE4-B0A1-4048-A896-9A28B2A0127D}.Debug|Any CPU.Build.0 = Debug|Any CPU
		{C6F37CE4-B0A1-4048-A896-9A28B2A0127D}.Release|Any CPU.ActiveCfg = Release|Any CPU
		{C6F37CE4-B0A1-4048-A896-9A28B2A0127D}.Release|Any CPU.Build.0 = Release|Any CPU
		{EC8820CA-B2C2-416B-8A59-2416AA349C4C}.Debug|Any CPU.ActiveCfg = Debug|Any CPU
		{EC8820CA-B2C2-416B-8A59-2416AA349C4C}.Debug|Any CPU.Build.0 = Debug|Any CPU
		{EC8820CA-B2C2-416B-8A59-2416AA349C4C}.Release|Any CPU.ActiveCfg = Release|Any CPU
		{EC8820CA-B2C2-416B-8A59-2416AA349C4C}.Release|Any CPU.Build.0 = Release|Any CPU
		{AF8D549B-3209-4A7F-8768-D7CEE318A4E3}.Debug|Any CPU.ActiveCfg = Debug|Any CPU
		{AF8D549B-3209-4A7F-8768-D7CEE318A4E3}.Debug|Any CPU.Build.0 = Debug|Any CPU
		{AF8D549B-3209-4A7F-8768-D7CEE318A4E3}.Release|Any CPU.ActiveCfg = Release|Any CPU
		{AF8D549B-3209-4A7F-8768-D7CEE318A4E3}.Release|Any CPU.Build.0 = Release|Any CPU
		{AEB6359F-44F9-4E8A-9033-16398D522BF2}.Debug|Any CPU.ActiveCfg = Debug|Any CPU
		{AEB6359F-44F9-4E8A-9033-16398D522BF2}.Debug|Any CPU.Build.0 = Debug|Any CPU
		{AEB6359F-44F9-4E8A-9033-16398D522BF2}.Release|Any CPU.ActiveCfg = Release|Any CPU
		{AEB6359F-44F9-4E8A-9033-16398D522BF2}.Release|Any CPU.Build.0 = Release|Any CPU
	EndGlobalSection
	GlobalSection(SolutionProperties) = preSolution
		HideSolutionNode = FALSE
	EndGlobalSection
EndGlobal
