
Microsoft Visual Studio Solution File, Format Version 12.00
# Visual Studio 15
VisualStudioVersion = 15.0.27004.2006
MinimumVisualStudioVersion = 10.0.40219.1
Project("{FAE04EC0-301F-11D3-BF4B-00C04F79EFBC}") = "NickHighlitePlugin", "NickHighlitePlugin.csproj", "{092831B5-1FE0-4E9D-B15D-F63E4DFF268D}"
EndProject
Global
	GlobalSection(SolutionConfigurationPlatforms) = preSolution
		Debug|Any CPU = Debug|Any CPU
		Release|Any CPU = Release|Any CPU
	EndGlobalSection
	GlobalSection(ProjectConfigurationPlatforms) = postSolution
		{092831B5-1FE0-4E9D-B15D-F63E4DFF268D}.Debug|Any CPU.ActiveCfg = Debug|Any CPU
		{092831B5-1FE0-4E9D-B15D-F63E4DFF268D}.Debug|Any CPU.Build.0 = Debug|Any CPU
		{092831B5-1FE0-4E9D-B15D-F63E4DFF268D}.Release|Any CPU.ActiveCfg = Release|Any CPU
		{092831B5-1FE0-4E9D-B15D-F63E4DFF268D}.Release|Any CPU.Build.0 = Release|Any CPU
	EndGlobalSection
	GlobalSection(SolutionProperties) = preSolution
		HideSolutionNode = FALSE
	EndGlobalSection
	GlobalSection(ExtensibilityGlobals) = postSolution
		SolutionGuid = {386D0564-D3A3-4D4C-A373-6C1F6C9347DE}
	EndGlobalSection
EndGlobal
